
Microsoft Visual Studio Solution File, Format Version 12.00
# Visual Studio Version 17
VisualStudioVersion = 17.8.34511.84
MinimumVisualStudioVersion = 10.0.40219.1
Project("{FAE04EC0-301F-11D3-BF4B-00C04F79EFBC}") = "WcfService1", "WcfService1\WcfService1.csproj", "{6E2E103D-68DF-49D0-9855-ECCC034AEF33}"
EndProject
Project("{FAE04EC0-301F-11D3-BF4B-00C04F79EFBC}") = "Cliente", "Cliente\Cliente.csproj", "{EC5DF7CB-E9D4-48A8-97CD-0F64878CD342}"
EndProject
Global
	GlobalSection(SolutionConfigurationPlatforms) = preSolution
		Debug|Any CPU = Debug|Any CPU
		Release|Any CPU = Release|Any CPU
	EndGlobalSection
	GlobalSection(ProjectConfigurationPlatforms) = postSolution
		{6E2E103D-68DF-49D0-9855-ECCC034AEF33}.Debug|Any CPU.ActiveCfg = Debug|Any CPU
		{6E2E103D-68DF-49D0-9855-ECCC034AEF33}.Debug|Any CPU.Build.0 = Debug|Any CPU
		{6E2E103D-68DF-49D0-9855-ECCC034AEF33}.Release|Any CPU.ActiveCfg = Release|Any CPU
		{6E2E103D-68DF-49D0-9855-ECCC034AEF33}.Release|Any CPU.Build.0 = Release|Any CPU
		{EC5DF7CB-E9D4-48A8-97CD-0F64878CD342}.Debug|Any CPU.ActiveCfg = Debug|Any CPU
		{EC5DF7CB-E9D4-48A8-97CD-0F64878CD342}.Debug|Any CPU.Build.0 = Debug|Any CPU
		{EC5DF7CB-E9D4-48A8-97CD-0F64878CD342}.Release|Any CPU.ActiveCfg = Release|Any CPU
		{EC5DF7CB-E9D4-48A8-97CD-0F64878CD342}.Release|Any CPU.Build.0 = Release|Any CPU
	EndGlobalSection
	GlobalSection(SolutionProperties) = preSolution
		HideSolutionNode = FALSE
	EndGlobalSection
	GlobalSection(ExtensibilityGlobals) = postSolution
		SolutionGuid = {4D3EA076-A17E-46AD-B2EC-1B89BF063E9D}
	EndGlobalSection
EndGlobal
